
Microsoft Visual Studio Solution File, Format Version 12.00
# Visual Studio Version 17
VisualStudioVersion = 17.10.35027.167
MinimumVisualStudioVersion = 10.0.40219.1
Project("{FAE04EC0-301F-11D3-BF4B-00C04F79EFBC}") = "JokesApp", "JokesApp\JokesApp.csproj", "{EE73B160-A9B4-47E8-8466-F86A567D36E5}"
EndProject
Global
	GlobalSection(SolutionConfigurationPlatforms) = preSolution
		Debug|Any CPU = Debug|Any CPU
		Release|Any CPU = Release|Any CPU
	EndGlobalSection
	GlobalSection(ProjectConfigurationPlatforms) = postSolution
		{EE73B160-A9B4-47E8-8466-F86A567D36E5}.Debug|Any CPU.ActiveCfg = Debug|Any CPU
		{EE73B160-A9B4-47E8-8466-F86A567D36E5}.Debug|Any CPU.Build.0 = Debug|Any CPU
		{EE73B160-A9B4-47E8-8466-F86A567D36E5}.Release|Any CPU.ActiveCfg = Release|Any CPU
		{EE73B160-A9B4-47E8-8466-F86A567D36E5}.Release|Any CPU.Build.0 = Release|Any CPU
	EndGlobalSection
	GlobalSection(SolutionProperties) = preSolution
		HideSolutionNode = FALSE
	EndGlobalSection
	GlobalSection(ExtensibilityGlobals) = postSolution
		SolutionGuid = {B032155E-FE21-4EBB-AC5A-87107D034F89}
	EndGlobalSection
EndGlobal
